{
  "name": "@liucaidong/pkg-test",
  "version": "1.0.0",
  "lockfileVersion": 1,
  "requires": true,
  "dependencies": {
    "@liucaidong/pkg-a": {
      "version": "1.0.6",
      "resolved": "https://registry.npmjs.org/@liucaidong/pkg-a/-/pkg-a-1.0.6.tgz",
      "integrity": "sha512-VEC37MFbEZdw3URBr5unD/k3CpdY6OLtCKHYVZrlM6t0rwoIyxhII5K/bFKBliYqBomXsv134tHTvNNoLFqpTA==",
      "requires": {
        "lodash": "^4.17.21"
      }
    },
    "@liucaidong/pkg-b": {
      "version": "1.0.5",
      "resolved": "https://registry.npmjs.org/@liucaidong/pkg-b/-/pkg-b-1.0.5.tgz",
      "integrity": "sha512-LvlhQlzJJKn/gZDQuwE2KDH1O/HQSfSEs+0XLp8zgKXUB/ag9DtRnXpa004DyLS6k7ZGT0GRi5dgolNrme2xHw==",
      "requires": {
        "@liucaidong/pkg-a": "^1.0.0"
      }
    },
    "@liucaidong/pkg-c": {
      "version": "1.0.6",
      "requires": {
        "@liucaidong/pkg-a": "^1.0.0",
        "@liucaidong/pkg-b": "^1.0.0"
      }
    },
    "lodash": {
      "version": "4.17.21",
      "resolved": "https://registry.npmjs.org/lodash/-/lodash-4.17.21.tgz",
      "integrity": "sha512-v2kDEe57lecTulaDIuNTPy3Ry4gLGJ6Z1O3vE1krgXZNrsQ+LFTGHVxVjcXPs17LhbZVGedAJv8XZ1tvj5FvSg=="
    }
  }
}
