{
  "name": "@liucaidong/pkg-c",
  "version": "1.0.0",
  "lockfileVersion": 1,
  "requires": true,
  "dependencies": {
    "@liucaidong/pkg-a": {
      "version": "1.0.0",
      "resolved": "https://registry.npmjs.org/@liucaidong/pkg-a/-/pkg-a-1.0.0.tgz",
      "integrity": "sha512-PcYq7Qs81ZQ25JszK5MyikOBJFwFHOs8xAV5wRFEhMvnyyLgqB7UqJFdtSN0iCBK3i+yf/rnZvC9GzfkLjSMxw==",
      "requires": {
        "lodash": "^4.17.21"
      }
    },
    "@liucaidong/pkg-b": {
      "version": "1.0.0",
      "resolved": "https://registry.npmjs.org/@liucaidong/pkg-b/-/pkg-b-1.0.0.tgz",
      "integrity": "sha512-A8vbKv/xla9XtQXN1u4X9O1+JLSoRTEsD3aXXS4jwOktDwun2WuWbTlFXWLz7Vykv0KMC05rZEaziGAI/QdDvA==",
      "requires": {
        "@liucaidong/pkg-a": "^1.0.0"
      }
    },
    "lodash": {
      "version": "4.17.21",
      "resolved": "https://registry.npmjs.org/lodash/-/lodash-4.17.21.tgz",
      "integrity": "sha512-v2kDEe57lecTulaDIuNTPy3Ry4gLGJ6Z1O3vE1krgXZNrsQ+LFTGHVxVjcXPs17LhbZVGedAJv8XZ1tvj5FvSg=="
    }
  }
}
